
Microsoft Visual Studio Solution File, Format Version 12.00
# Visual Studio Version 17
VisualStudioVersion = 17.0.32112.339
MinimumVisualStudioVersion = 10.0.40219.1
Project("{9A19103F-16F7-4668-BE54-9A1E7A4F7556}") = "CozynibiHotel.API", "CozynibiHotel.API\CozynibiHotel.API.csproj", "{ADA3307A-AF7B-4642-A905-CE8E24B6911C}"
EndProject
Project("{9A19103F-16F7-4668-BE54-9A1E7A4F7556}") = "CozynibiHotel.Core", "CozynibiHotel.Core\CozynibiHotel.Core.csproj", "{5E64CC74-E5DD-4752-9FAA-BD6D98D99C33}"
EndProject
Project("{9A19103F-16F7-4668-BE54-9A1E7A4F7556}") = "CozynibiHotel.Infrastructure", "CozynibiHotel.Infrastructure\CozynibiHotel.Infrastructure.csproj", "{A8ECF305-6CD4-4AF3-B066-3D6917CF25E5}"
EndProject
Project("{9A19103F-16F7-4668-BE54-9A1E7A4F7556}") = "CozynibiHotel.Services", "CozynibiHotel.Services\CozynibiHotel.Services.csproj", "{C3FE5552-75A9-456C-8EA5-133E783DE292}"
EndProject
Project("{9A19103F-16F7-4668-BE54-9A1E7A4F7556}") = "HUG.CRUD", "HUG.CRUD\HUG.CRUD.csproj", "{A358ED34-DD66-46BC-8800-02FC8A2F1941}"
EndProject
Project("{2150E333-8FDC-42A3-9474-1A3956D46DE8}") = "Solution Items", "Solution Items", "{4028E5FB-0FCA-45DF-AEE9-C55B7FF33C00}"
	ProjectSection(SolutionItems) = preProject
		README.md = README.md
	EndProjectSection
EndProject
Project("{9A19103F-16F7-4668-BE54-9A1E7A4F7556}") = "HUG.EmailServices", "HUG.EmailServices\HUG.EmailServices.csproj", "{C9D41585-7498-4B8B-9121-0F3DBBDF46AC}"
EndProject
Project("{9A19103F-16F7-4668-BE54-9A1E7A4F7556}") = "HUG.QRCodeServices", "HUG.QRCodeServices\HUG.QRCodeServices.csproj", "{119CABF8-A82B-40EE-89BC-87C9C06750C8}"
EndProject
Project("{FAE04EC0-301F-11D3-BF4B-00C04F79EFBC}") = "HUG.SMS", "HUG.SMS\HUG.SMS.csproj", "{332DCC86-58AE-4B44-9BA3-6790D33AD136}"
EndProject
Global
	GlobalSection(SolutionConfigurationPlatforms) = preSolution
		Debug|Any CPU = Debug|Any CPU
		Release|Any CPU = Release|Any CPU
	EndGlobalSection
	GlobalSection(ProjectConfigurationPlatforms) = postSolution
		{ADA3307A-AF7B-4642-A905-CE8E24B6911C}.Debug|Any CPU.ActiveCfg = Debug|Any CPU
		{ADA3307A-AF7B-4642-A905-CE8E24B6911C}.Debug|Any CPU.Build.0 = Debug|Any CPU
		{ADA3307A-AF7B-4642-A905-CE8E24B6911C}.Release|Any CPU.ActiveCfg = Release|Any CPU
		{ADA3307A-AF7B-4642-A905-CE8E24B6911C}.Release|Any CPU.Build.0 = Release|Any CPU
		{5E64CC74-E5DD-4752-9FAA-BD6D98D99C33}.Debug|Any CPU.ActiveCfg = Debug|Any CPU
		{5E64CC74-E5DD-4752-9FAA-BD6D98D99C33}.Debug|Any CPU.Build.0 = Debug|Any CPU
		{5E64CC74-E5DD-4752-9FAA-BD6D98D99C33}.Release|Any CPU.ActiveCfg = Release|Any CPU
		{5E64CC74-E5DD-4752-9FAA-BD6D98D99C33}.Release|Any CPU.Build.0 = Release|Any CPU
		{A8ECF305-6CD4-4AF3-B066-3D6917CF25E5}.Debug|Any CPU.ActiveCfg = Debug|Any CPU
		{A8ECF305-6CD4-4AF3-B066-3D6917CF25E5}.Debug|Any CPU.Build.0 = Debug|Any CPU
		{A8ECF305-6CD4-4AF3-B066-3D6917CF25E5}.Release|Any CPU.ActiveCfg = Release|Any CPU
		{A8ECF305-6CD4-4AF3-B066-3D6917CF25E5}.Release|Any CPU.Build.0 = Release|Any CPU
		{C3FE5552-75A9-456C-8EA5-133E783DE292}.Debug|Any CPU.ActiveCfg = Debug|Any CPU
		{C3FE5552-75A9-456C-8EA5-133E783DE292}.Debug|Any CPU.Build.0 = Debug|Any CPU
		{C3FE5552-75A9-456C-8EA5-133E783DE292}.Release|Any CPU.ActiveCfg = Release|Any CPU
		{C3FE5552-75A9-456C-8EA5-133E783DE292}.Release|Any CPU.Build.0 = Release|Any CPU
		{A358ED34-DD66-46BC-8800-02FC8A2F1941}.Debug|Any CPU.ActiveCfg = Debug|Any CPU
		{A358ED34-DD66-46BC-8800-02FC8A2F1941}.Debug|Any CPU.Build.0 = Debug|Any CPU
		{A358ED34-DD66-46BC-8800-02FC8A2F1941}.Release|Any CPU.ActiveCfg = Release|Any CPU
		{A358ED34-DD66-46BC-8800-02FC8A2F1941}.Release|Any CPU.Build.0 = Release|Any CPU
		{C9D41585-7498-4B8B-9121-0F3DBBDF46AC}.Debug|Any CPU.ActiveCfg = Debug|Any CPU
		{C9D41585-7498-4B8B-9121-0F3DBBDF46AC}.Debug|Any CPU.Build.0 = Debug|Any CPU
		{C9D41585-7498-4B8B-9121-0F3DBBDF46AC}.Release|Any CPU.ActiveCfg = Release|Any CPU
		{C9D41585-7498-4B8B-9121-0F3DBBDF46AC}.Release|Any CPU.Build.0 = Release|Any CPU
		{119CABF8-A82B-40EE-89BC-87C9C06750C8}.Debug|Any CPU.ActiveCfg = Debug|Any CPU
		{119CABF8-A82B-40EE-89BC-87C9C06750C8}.Debug|Any CPU.Build.0 = Debug|Any CPU
		{119CABF8-A82B-40EE-89BC-87C9C06750C8}.Release|Any CPU.ActiveCfg = Release|Any CPU
		{119CABF8-A82B-40EE-89BC-87C9C06750C8}.Release|Any CPU.Build.0 = Release|Any CPU
		{332DCC86-58AE-4B44-9BA3-6790D33AD136}.Debug|Any CPU.ActiveCfg = Debug|Any CPU
		{332DCC86-58AE-4B44-9BA3-6790D33AD136}.Debug|Any CPU.Build.0 = Debug|Any CPU
		{332DCC86-58AE-4B44-9BA3-6790D33AD136}.Release|Any CPU.ActiveCfg = Release|Any CPU
		{332DCC86-58AE-4B44-9BA3-6790D33AD136}.Release|Any CPU.Build.0 = Release|Any CPU
	EndGlobalSection
	GlobalSection(SolutionProperties) = preSolution
		HideSolutionNode = FALSE
	EndGlobalSection
	GlobalSection(ExtensibilityGlobals) = postSolution
		SolutionGuid = {C3050CE9-701B-47A0-9142-9214A9335271}
	EndGlobalSection
EndGlobal
